
Microsoft Visual Studio Solution File, Format Version 12.00
# Visual Studio Version 17
VisualStudioVersion = 17.13.35931.197
MinimumVisualStudioVersion = 10.0.40219.1
Project("{FAE04EC0-301F-11D3-BF4B-00C04F79EFBC}") = "TaskForge.Domain", "TaskForge.Domain\TaskForge.Domain.csproj", "{5F8FDEB3-9C09-4A86-8AF2-9A82286D01F8}"
EndProject
Project("{FAE04EC0-301F-11D3-BF4B-00C04F79EFBC}") = "TaskForge.Api", "TaskForge.Api\TaskForge.Api.csproj", "{701A0E58-4DCA-06F2-1DD4-FF2BE9922291}"
EndProject
Project("{FAE04EC0-301F-11D3-BF4B-00C04F79EFBC}") = "TaskForge.Application", "TaskForge.Application\TaskForge.Application.csproj", "{B48E4347-B2EF-4131-9306-86AFCB63089E}"
EndProject
Project("{FAE04EC0-301F-11D3-BF4B-00C04F79EFBC}") = "TaskForge.Infrastructure", "TaskForge.Infrastructure\TaskForge.Infrastructure.csproj", "{9A50B1D6-9D8B-41D1-BE8C-8740E5B3B51F}"
EndProject
Project("{FAE04EC0-301F-11D3-BF4B-00C04F79EFBC}") = "TaskForge.Tests", "TaskForge.Tests\TaskForge.Tests.csproj", "{5E14D627-48CC-419B-8041-E7F71A34C805}"
EndProject
Global
	GlobalSection(SolutionConfigurationPlatforms) = preSolution
		Debug|Any CPU = Debug|Any CPU
		Debug|x64 = Debug|x64
		Debug|x86 = Debug|x86
		Release|Any CPU = Release|Any CPU
		Release|x64 = Release|x64
		Release|x86 = Release|x86
	EndGlobalSection
	GlobalSection(ProjectConfigurationPlatforms) = postSolution
		{5F8FDEB3-9C09-4A86-8AF2-9A82286D01F8}.Debug|Any CPU.ActiveCfg = Debug|Any CPU
		{5F8FDEB3-9C09-4A86-8AF2-9A82286D01F8}.Debug|Any CPU.Build.0 = Debug|Any CPU
		{5F8FDEB3-9C09-4A86-8AF2-9A82286D01F8}.Debug|x64.ActiveCfg = Debug|Any CPU
		{5F8FDEB3-9C09-4A86-8AF2-9A82286D01F8}.Debug|x64.Build.0 = Debug|Any CPU
		{5F8FDEB3-9C09-4A86-8AF2-9A82286D01F8}.Debug|x86.ActiveCfg = Debug|Any CPU
		{5F8FDEB3-9C09-4A86-8AF2-9A82286D01F8}.Debug|x86.Build.0 = Debug|Any CPU
		{5F8FDEB3-9C09-4A86-8AF2-9A82286D01F8}.Release|Any CPU.ActiveCfg = Release|Any CPU
		{5F8FDEB3-9C09-4A86-8AF2-9A82286D01F8}.Release|Any CPU.Build.0 = Release|Any CPU
		{5F8FDEB3-9C09-4A86-8AF2-9A82286D01F8}.Release|x64.ActiveCfg = Release|Any CPU
		{5F8FDEB3-9C09-4A86-8AF2-9A82286D01F8}.Release|x64.Build.0 = Release|Any CPU
		{5F8FDEB3-9C09-4A86-8AF2-9A82286D01F8}.Release|x86.ActiveCfg = Release|Any CPU
		{5F8FDEB3-9C09-4A86-8AF2-9A82286D01F8}.Release|x86.Build.0 = Release|Any CPU
		{701A0E58-4DCA-06F2-1DD4-FF2BE9922291}.Debug|Any CPU.ActiveCfg = Debug|Any CPU
		{701A0E58-4DCA-06F2-1DD4-FF2BE9922291}.Debug|Any CPU.Build.0 = Debug|Any CPU
		{701A0E58-4DCA-06F2-1DD4-FF2BE9922291}.Debug|x64.ActiveCfg = Debug|Any CPU
		{701A0E58-4DCA-06F2-1DD4-FF2BE9922291}.Debug|x64.Build.0 = Debug|Any CPU
		{701A0E58-4DCA-06F2-1DD4-FF2BE9922291}.Debug|x86.ActiveCfg = Debug|Any CPU
		{701A0E58-4DCA-06F2-1DD4-FF2BE9922291}.Debug|x86.Build.0 = Debug|Any CPU
		{701A0E58-4DCA-06F2-1DD4-FF2BE9922291}.Release|Any CPU.ActiveCfg = Release|Any CPU
		{701A0E58-4DCA-06F2-1DD4-FF2BE9922291}.Release|Any CPU.Build.0 = Release|Any CPU
		{701A0E58-4DCA-06F2-1DD4-FF2BE9922291}.Release|x64.ActiveCfg = Release|Any CPU
		{701A0E58-4DCA-06F2-1DD4-FF2BE9922291}.Release|x64.Build.0 = Release|Any CPU
		{701A0E58-4DCA-06F2-1DD4-FF2BE9922291}.Release|x86.ActiveCfg = Release|Any CPU
		{701A0E58-4DCA-06F2-1DD4-FF2BE9922291}.Release|x86.Build.0 = Release|Any CPU
		{B48E4347-B2EF-4131-9306-86AFCB63089E}.Debug|Any CPU.ActiveCfg = Debug|Any CPU
		{B48E4347-B2EF-4131-9306-86AFCB63089E}.Debug|Any CPU.Build.0 = Debug|Any CPU
		{B48E4347-B2EF-4131-9306-86AFCB63089E}.Debug|x64.ActiveCfg = Debug|Any CPU
		{B48E4347-B2EF-4131-9306-86AFCB63089E}.Debug|x64.Build.0 = Debug|Any CPU
		{B48E4347-B2EF-4131-9306-86AFCB63089E}.Debug|x86.ActiveCfg = Debug|Any CPU
		{B48E4347-B2EF-4131-9306-86AFCB63089E}.Debug|x86.Build.0 = Debug|Any CPU
		{B48E4347-B2EF-4131-9306-86AFCB63089E}.Release|Any CPU.ActiveCfg = Release|Any CPU
		{B48E4347-B2EF-4131-9306-86AFCB63089E}.Release|Any CPU.Build.0 = Release|Any CPU
		{B48E4347-B2EF-4131-9306-86AFCB63089E}.Release|x64.ActiveCfg = Release|Any CPU
		{B48E4347-B2EF-4131-9306-86AFCB63089E}.Release|x64.Build.0 = Release|Any CPU
		{B48E4347-B2EF-4131-9306-86AFCB63089E}.Release|x86.ActiveCfg = Release|Any CPU
		{B48E4347-B2EF-4131-9306-86AFCB63089E}.Release|x86.Build.0 = Release|Any CPU
		{9A50B1D6-9D8B-41D1-BE8C-8740E5B3B51F}.Debug|Any CPU.ActiveCfg = Debug|Any CPU
		{9A50B1D6-9D8B-41D1-BE8C-8740E5B3B51F}.Debug|Any CPU.Build.0 = Debug|Any CPU
		{9A50B1D6-9D8B-41D1-BE8C-8740E5B3B51F}.Debug|x64.ActiveCfg = Debug|Any CPU
		{9A50B1D6-9D8B-41D1-BE8C-8740E5B3B51F}.Debug|x64.Build.0 = Debug|Any CPU
		{9A50B1D6-9D8B-41D1-BE8C-8740E5B3B51F}.Debug|x86.ActiveCfg = Debug|Any CPU
		{9A50B1D6-9D8B-41D1-BE8C-8740E5B3B51F}.Debug|x86.Build.0 = Debug|Any CPU
		{9A50B1D6-9D8B-41D1-BE8C-8740E5B3B51F}.Release|Any CPU.ActiveCfg = Release|Any CPU
		{9A50B1D6-9D8B-41D1-BE8C-8740E5B3B51F}.Release|Any CPU.Build.0 = Release|Any CPU
		{9A50B1D6-9D8B-41D1-BE8C-8740E5B3B51F}.Release|x64.ActiveCfg = Release|Any CPU
		{9A50B1D6-9D8B-41D1-BE8C-8740E5B3B51F}.Release|x64.Build.0 = Release|Any CPU
		{9A50B1D6-9D8B-41D1-BE8C-8740E5B3B51F}.Release|x86.ActiveCfg = Release|Any CPU
		{9A50B1D6-9D8B-41D1-BE8C-8740E5B3B51F}.Release|x86.Build.0 = Release|Any CPU
		{5E14D627-48CC-419B-8041-E7F71A34C805}.Debug|Any CPU.ActiveCfg = Debug|Any CPU
		{5E14D627-48CC-419B-8041-E7F71A34C805}.Debug|Any CPU.Build.0 = Debug|Any CPU
		{5E14D627-48CC-419B-8041-E7F71A34C805}.Debug|x64.ActiveCfg = Debug|Any CPU
		{5E14D627-48CC-419B-8041-E7F71A34C805}.Debug|x64.Build.0 = Debug|Any CPU
		{5E14D627-48CC-419B-8041-E7F71A34C805}.Debug|x86.ActiveCfg = Debug|Any CPU
		{5E14D627-48CC-419B-8041-E7F71A34C805}.Debug|x86.Build.0 = Debug|Any CPU
		{5E14D627-48CC-419B-8041-E7F71A34C805}.Release|Any CPU.ActiveCfg = Release|Any CPU
		{5E14D627-48CC-419B-8041-E7F71A34C805}.Release|Any CPU.Build.0 = Release|Any CPU
		{5E14D627-48CC-419B-8041-E7F71A34C805}.Release|x64.ActiveCfg = Release|Any CPU
		{5E14D627-48CC-419B-8041-E7F71A34C805}.Release|x64.Build.0 = Release|Any CPU
		{5E14D627-48CC-419B-8041-E7F71A34C805}.Release|x86.ActiveCfg = Release|Any CPU
		{5E14D627-48CC-419B-8041-E7F71A34C805}.Release|x86.Build.0 = Release|Any CPU
	EndGlobalSection
	GlobalSection(SolutionProperties) = preSolution
		HideSolutionNode = FALSE
	EndGlobalSection
	GlobalSection(ExtensibilityGlobals) = postSolution
		SolutionGuid = {623FFAED-801F-45E2-9558-DBB431D42608}
	EndGlobalSection
EndGlobal
